
Microsoft Visual Studio Solution File, Format Version 12.00
# Visual Studio Version 16
VisualStudioVersion = 16.0.30608.117
MinimumVisualStudioVersion = 10.0.40219.1
Project("{2150E333-8FDC-42A3-9474-1A3956D46DE8}") = "src", "src", "{36DFAE3A-9905-49A4-925B-8CF7BAA0FA9C}"
EndProject
Project("{2150E333-8FDC-42A3-9474-1A3956D46DE8}") = "files", "files", "{3DA6BF64-88BD-44F9-870B-9C41D1F1A7C5}"
	ProjectSection(SolutionItems) = preProject
		.gitattributes = .gitattributes
		.gitignore = .gitignore
		README.md = README.md
	EndProjectSection
EndProject
Project("{2150E333-8FDC-42A3-9474-1A3956D46DE8}") = "tests", "tests", "{2061BEF2-34FC-4F33-994F-4AB228D00285}"
EndProject
Project("{9A19103F-16F7-4668-BE54-9A1E7A4F7556}") = "NaiveMultiplication", "src\NaiveMultiplication\NaiveMultiplication.csproj", "{8ECE4A86-BE2D-4F0E-A027-8566DB3B8E5A}"
EndProject
Project("{9A19103F-16F7-4668-BE54-9A1E7A4F7556}") = "MatrixTypes", "src\MatrixTypes\MatrixTypes.csproj", "{7D698533-9918-4022-BAEC-2A4C5D86B76B}"
EndProject
Project("{9A19103F-16F7-4668-BE54-9A1E7A4F7556}") = "NaiveMultiplication.Tests", "tests\NaiveMultiplication.Tests\NaiveMultiplication.Tests.csproj", "{F5869F03-7654-414D-B57C-4923938F8783}"
EndProject
Project("{9A19103F-16F7-4668-BE54-9A1E7A4F7556}") = "StrassenAlgorithm", "src\StrassenAlgorithm\StrassenAlgorithm.csproj", "{567DAEE6-56F8-4BDA-94D9-E74ADDBE40FA}"
EndProject
Project("{9A19103F-16F7-4668-BE54-9A1E7A4F7556}") = "StrassenAlgorithm.Tests", "tests\StrassenAlgorithm.Tests\StrassenAlgorithm.Tests.csproj", "{F4CAD6A2-50E0-43A8-80F1-DECF6342BBB3}"
EndProject
Project("{9A19103F-16F7-4668-BE54-9A1E7A4F7556}") = "TestGenerator", "src\TestGenerator\TestGenerator.csproj", "{FD13FFE3-6632-4118-8C20-2EC5869EE16C}"
EndProject
Project("{9A19103F-16F7-4668-BE54-9A1E7A4F7556}") = "MatrixTypes.Tests", "tests\MatrixTypes.Tests\MatrixTypes.Tests.csproj", "{A97881BF-4920-4D20-902D-921C756CFB75}"
EndProject
Project("{9A19103F-16F7-4668-BE54-9A1E7A4F7556}") = "MatrixParser", "src\MatrixParser\MatrixParser.csproj", "{479857BB-D048-4FFB-BBF9-C1BB931BECA1}"
EndProject
Project("{9A19103F-16F7-4668-BE54-9A1E7A4F7556}") = "ConsoleApp", "src\ConsoleApp\ConsoleApp.csproj", "{34F134CB-28A6-471D-8120-7E67CF786878}"
EndProject
Project("{FAE04EC0-301F-11D3-BF4B-00C04F79EFBC}") = "BenchmarkApp", "src\BenchmarkApp\BenchmarkApp.csproj", "{E0DC9ED7-48A0-49FA-8612-A2CA906D2A9D}"
EndProject
Global
	GlobalSection(SolutionConfigurationPlatforms) = preSolution
		Debug|Any CPU = Debug|Any CPU
		Release|Any CPU = Release|Any CPU
	EndGlobalSection
	GlobalSection(ProjectConfigurationPlatforms) = postSolution
		{8ECE4A86-BE2D-4F0E-A027-8566DB3B8E5A}.Debug|Any CPU.ActiveCfg = Debug|Any CPU
		{8ECE4A86-BE2D-4F0E-A027-8566DB3B8E5A}.Debug|Any CPU.Build.0 = Debug|Any CPU
		{8ECE4A86-BE2D-4F0E-A027-8566DB3B8E5A}.Release|Any CPU.ActiveCfg = Release|Any CPU
		{8ECE4A86-BE2D-4F0E-A027-8566DB3B8E5A}.Release|Any CPU.Build.0 = Release|Any CPU
		{7D698533-9918-4022-BAEC-2A4C5D86B76B}.Debug|Any CPU.ActiveCfg = Debug|Any CPU
		{7D698533-9918-4022-BAEC-2A4C5D86B76B}.Debug|Any CPU.Build.0 = Debug|Any CPU
		{7D698533-9918-4022-BAEC-2A4C5D86B76B}.Release|Any CPU.ActiveCfg = Release|Any CPU
		{7D698533-9918-4022-BAEC-2A4C5D86B76B}.Release|Any CPU.Build.0 = Release|Any CPU
		{F5869F03-7654-414D-B57C-4923938F8783}.Debug|Any CPU.ActiveCfg = Debug|Any CPU
		{F5869F03-7654-414D-B57C-4923938F8783}.Debug|Any CPU.Build.0 = Debug|Any CPU
		{F5869F03-7654-414D-B57C-4923938F8783}.Release|Any CPU.ActiveCfg = Release|Any CPU
		{F5869F03-7654-414D-B57C-4923938F8783}.Release|Any CPU.Build.0 = Release|Any CPU
		{567DAEE6-56F8-4BDA-94D9-E74ADDBE40FA}.Debug|Any CPU.ActiveCfg = Debug|Any CPU
		{567DAEE6-56F8-4BDA-94D9-E74ADDBE40FA}.Debug|Any CPU.Build.0 = Debug|Any CPU
		{567DAEE6-56F8-4BDA-94D9-E74ADDBE40FA}.Release|Any CPU.ActiveCfg = Release|Any CPU
		{567DAEE6-56F8-4BDA-94D9-E74ADDBE40FA}.Release|Any CPU.Build.0 = Release|Any CPU
		{F4CAD6A2-50E0-43A8-80F1-DECF6342BBB3}.Debug|Any CPU.ActiveCfg = Debug|Any CPU
		{F4CAD6A2-50E0-43A8-80F1-DECF6342BBB3}.Debug|Any CPU.Build.0 = Debug|Any CPU
		{F4CAD6A2-50E0-43A8-80F1-DECF6342BBB3}.Release|Any CPU.ActiveCfg = Release|Any CPU
		{F4CAD6A2-50E0-43A8-80F1-DECF6342BBB3}.Release|Any CPU.Build.0 = Release|Any CPU
		{FD13FFE3-6632-4118-8C20-2EC5869EE16C}.Debug|Any CPU.ActiveCfg = Debug|Any CPU
		{FD13FFE3-6632-4118-8C20-2EC5869EE16C}.Debug|Any CPU.Build.0 = Debug|Any CPU
		{FD13FFE3-6632-4118-8C20-2EC5869EE16C}.Release|Any CPU.ActiveCfg = Release|Any CPU
		{FD13FFE3-6632-4118-8C20-2EC5869EE16C}.Release|Any CPU.Build.0 = Release|Any CPU
		{A97881BF-4920-4D20-902D-921C756CFB75}.Debug|Any CPU.ActiveCfg = Debug|Any CPU
		{A97881BF-4920-4D20-902D-921C756CFB75}.Debug|Any CPU.Build.0 = Debug|Any CPU
		{A97881BF-4920-4D20-902D-921C756CFB75}.Release|Any CPU.ActiveCfg = Release|Any CPU
		{A97881BF-4920-4D20-902D-921C756CFB75}.Release|Any CPU.Build.0 = Release|Any CPU
		{479857BB-D048-4FFB-BBF9-C1BB931BECA1}.Debug|Any CPU.ActiveCfg = Debug|Any CPU
		{479857BB-D048-4FFB-BBF9-C1BB931BECA1}.Debug|Any CPU.Build.0 = Debug|Any CPU
		{479857BB-D048-4FFB-BBF9-C1BB931BECA1}.Release|Any CPU.ActiveCfg = Release|Any CPU
		{479857BB-D048-4FFB-BBF9-C1BB931BECA1}.Release|Any CPU.Build.0 = Release|Any CPU
		{34F134CB-28A6-471D-8120-7E67CF786878}.Debug|Any CPU.ActiveCfg = Debug|Any CPU
		{34F134CB-28A6-471D-8120-7E67CF786878}.Debug|Any CPU.Build.0 = Debug|Any CPU
		{34F134CB-28A6-471D-8120-7E67CF786878}.Release|Any CPU.ActiveCfg = Release|Any CPU
		{34F134CB-28A6-471D-8120-7E67CF786878}.Release|Any CPU.Build.0 = Release|Any CPU
		{E0DC9ED7-48A0-49FA-8612-A2CA906D2A9D}.Debug|Any CPU.ActiveCfg = Debug|Any CPU
		{E0DC9ED7-48A0-49FA-8612-A2CA906D2A9D}.Debug|Any CPU.Build.0 = Debug|Any CPU
		{E0DC9ED7-48A0-49FA-8612-A2CA906D2A9D}.Release|Any CPU.ActiveCfg = Release|Any CPU
		{E0DC9ED7-48A0-49FA-8612-A2CA906D2A9D}.Release|Any CPU.Build.0 = Release|Any CPU
	EndGlobalSection
	GlobalSection(SolutionProperties) = preSolution
		HideSolutionNode = FALSE
	EndGlobalSection
	GlobalSection(NestedProjects) = preSolution
		{8ECE4A86-BE2D-4F0E-A027-8566DB3B8E5A} = {36DFAE3A-9905-49A4-925B-8CF7BAA0FA9C}
		{7D698533-9918-4022-BAEC-2A4C5D86B76B} = {36DFAE3A-9905-49A4-925B-8CF7BAA0FA9C}
		{F5869F03-7654-414D-B57C-4923938F8783} = {2061BEF2-34FC-4F33-994F-4AB228D00285}
		{567DAEE6-56F8-4BDA-94D9-E74ADDBE40FA} = {36DFAE3A-9905-49A4-925B-8CF7BAA0FA9C}
		{F4CAD6A2-50E0-43A8-80F1-DECF6342BBB3} = {2061BEF2-34FC-4F33-994F-4AB228D00285}
		{FD13FFE3-6632-4118-8C20-2EC5869EE16C} = {36DFAE3A-9905-49A4-925B-8CF7BAA0FA9C}
		{A97881BF-4920-4D20-902D-921C756CFB75} = {2061BEF2-34FC-4F33-994F-4AB228D00285}
		{479857BB-D048-4FFB-BBF9-C1BB931BECA1} = {36DFAE3A-9905-49A4-925B-8CF7BAA0FA9C}
		{34F134CB-28A6-471D-8120-7E67CF786878} = {36DFAE3A-9905-49A4-925B-8CF7BAA0FA9C}
		{E0DC9ED7-48A0-49FA-8612-A2CA906D2A9D} = {36DFAE3A-9905-49A4-925B-8CF7BAA0FA9C}
	EndGlobalSection
	GlobalSection(ExtensibilityGlobals) = postSolution
		SolutionGuid = {F7D08C7A-786E-4995-A6DC-C6B697E1870C}
	EndGlobalSection
EndGlobal
